
Microsoft Visual Studio Solution File, Format Version 12.00
# Visual Studio Version 17
VisualStudioVersion = 17.5.33424.131
MinimumVisualStudioVersion = 10.0.40219.1
Project("{FAE04EC0-301F-11D3-BF4B-00C04F79EFBC}") = "LibrarySite", "LibrarySite\LibrarySite.csproj", "{7A04580E-2350-4BDD-A4B9-DF7E61C1656F}"
EndProject
Project("{FAE04EC0-301F-11D3-BF4B-00C04F79EFBC}") = "DataLayer", "DataLayer\DataLayer.csproj", "{EA788E83-9C11-4894-A840-781A2E368265}"
EndProject
Project("{FAE04EC0-301F-11D3-BF4B-00C04F79EFBC}") = "EntityLayer", "EntityLayer\EntityLayer.csproj", "{D829A6ED-07A0-4076-A0AB-7C5E59E799BE}"
EndProject
Project("{FAE04EC0-301F-11D3-BF4B-00C04F79EFBC}") = "CommonLayer", "CommonLayer\CommonLayer.csproj", "{F9AE2625-AE7F-4D9A-988C-4F59A514CBCD}"
EndProject
Project("{FAE04EC0-301F-11D3-BF4B-00C04F79EFBC}") = "ServiceLayer", "ServiceLayer\ServiceLayer.csproj", "{D2298EE9-6F77-4C33-B612-7306ABFB960C}"
EndProject
Global
	GlobalSection(SolutionConfigurationPlatforms) = preSolution
		Debug|Any CPU = Debug|Any CPU
		Release|Any CPU = Release|Any CPU
	EndGlobalSection
	GlobalSection(ProjectConfigurationPlatforms) = postSolution
		{7A04580E-2350-4BDD-A4B9-DF7E61C1656F}.Debug|Any CPU.ActiveCfg = Debug|Any CPU
		{7A04580E-2350-4BDD-A4B9-DF7E61C1656F}.Debug|Any CPU.Build.0 = Debug|Any CPU
		{7A04580E-2350-4BDD-A4B9-DF7E61C1656F}.Release|Any CPU.ActiveCfg = Release|Any CPU
		{7A04580E-2350-4BDD-A4B9-DF7E61C1656F}.Release|Any CPU.Build.0 = Release|Any CPU
		{EA788E83-9C11-4894-A840-781A2E368265}.Debug|Any CPU.ActiveCfg = Debug|Any CPU
		{EA788E83-9C11-4894-A840-781A2E368265}.Debug|Any CPU.Build.0 = Debug|Any CPU
		{EA788E83-9C11-4894-A840-781A2E368265}.Release|Any CPU.ActiveCfg = Release|Any CPU
		{EA788E83-9C11-4894-A840-781A2E368265}.Release|Any CPU.Build.0 = Release|Any CPU
		{D829A6ED-07A0-4076-A0AB-7C5E59E799BE}.Debug|Any CPU.ActiveCfg = Debug|Any CPU
		{D829A6ED-07A0-4076-A0AB-7C5E59E799BE}.Debug|Any CPU.Build.0 = Debug|Any CPU
		{D829A6ED-07A0-4076-A0AB-7C5E59E799BE}.Release|Any CPU.ActiveCfg = Release|Any CPU
		{D829A6ED-07A0-4076-A0AB-7C5E59E799BE}.Release|Any CPU.Build.0 = Release|Any CPU
		{F9AE2625-AE7F-4D9A-988C-4F59A514CBCD}.Debug|Any CPU.ActiveCfg = Debug|Any CPU
		{F9AE2625-AE7F-4D9A-988C-4F59A514CBCD}.Debug|Any CPU.Build.0 = Debug|Any CPU
		{F9AE2625-AE7F-4D9A-988C-4F59A514CBCD}.Release|Any CPU.ActiveCfg = Release|Any CPU
		{F9AE2625-AE7F-4D9A-988C-4F59A514CBCD}.Release|Any CPU.Build.0 = Release|Any CPU
		{D2298EE9-6F77-4C33-B612-7306ABFB960C}.Debug|Any CPU.ActiveCfg = Debug|Any CPU
		{D2298EE9-6F77-4C33-B612-7306ABFB960C}.Debug|Any CPU.Build.0 = Debug|Any CPU
		{D2298EE9-6F77-4C33-B612-7306ABFB960C}.Release|Any CPU.ActiveCfg = Release|Any CPU
		{D2298EE9-6F77-4C33-B612-7306ABFB960C}.Release|Any CPU.Build.0 = Release|Any CPU
	EndGlobalSection
	GlobalSection(SolutionProperties) = preSolution
		HideSolutionNode = FALSE
	EndGlobalSection
	GlobalSection(ExtensibilityGlobals) = postSolution
		SolutionGuid = {68B33C9A-7B89-4181-93E3-3F4F2E0B4C96}
	EndGlobalSection
EndGlobal
